
Microsoft Visual Studio Solution File, Format Version 12.00
# Visual Studio Version 17
VisualStudioVersion = 17.11.35222.181
MinimumVisualStudioVersion = 10.0.40219.1
Project("{FAE04EC0-301F-11D3-BF4B-00C04F79EFBC}") = "DataTest", "DataTest.csproj", "{71DBF04F-1F70-4D04-AF97-11CD6B6FA58B}"
EndProject
Global
	GlobalSection(SolutionConfigurationPlatforms) = preSolution
		Debug|Any CPU = Debug|Any CPU
		Release|Any CPU = Release|Any CPU
	EndGlobalSection
	GlobalSection(ProjectConfigurationPlatforms) = postSolution
		{71DBF04F-1F70-4D04-AF97-11CD6B6FA58B}.Debug|Any CPU.ActiveCfg = Debug|Any CPU
		{71DBF04F-1F70-4D04-AF97-11CD6B6FA58B}.Debug|Any CPU.Build.0 = Debug|Any CPU
		{71DBF04F-1F70-4D04-AF97-11CD6B6FA58B}.Release|Any CPU.ActiveCfg = Release|Any CPU
		{71DBF04F-1F70-4D04-AF97-11CD6B6FA58B}.Release|Any CPU.Build.0 = Release|Any CPU
	EndGlobalSection
	GlobalSection(SolutionProperties) = preSolution
		HideSolutionNode = FALSE
	EndGlobalSection
	GlobalSection(ExtensibilityGlobals) = postSolution
		SolutionGuid = {BB315434-B939-4671-A487-F1BCE03FB5B2}
	EndGlobalSection
EndGlobal
